// !$*UTF8*$!
{
	archiveVersion = 1;
	classes = {
	};
	objectVersion = 55;
	objects = {

/* Begin PBXBuildFile section */
		E53D88D2289C620000EF83AC /* EditTodoViewControllerDelegateSpy.swift in Sources */ = {isa = PBXBuildFile; fileRef = E53D88D1289C620000EF83AC /* EditTodoViewControllerDelegateSpy.swift */; };
		E53D88D428A2D0B600EF83AC /* AddNewTodoViewControllerDelegateSpy.swift in Sources */ = {isa = PBXBuildFile; fileRef = E53D88D328A2D0B600EF83AC /* AddNewTodoViewControllerDelegateSpy.swift */; };
		E53D88D628A2D99D00EF83AC /* ListViewControllerDelegateSpy.swift in Sources */ = {isa = PBXBuildFile; fileRef = E53D88D528A2D99D00EF83AC /* ListViewControllerDelegateSpy.swift */; };
		E53D88DC28A3422500EF83AC /* CoreDataManagerSpy.swift in Sources */ = {isa = PBXBuildFile; fileRef = E53D88DB28A3422500EF83AC /* CoreDataManagerSpy.swift */; };
		E53D88DE28A3430600EF83AC /* ListManagerTests.swift in Sources */ = {isa = PBXBuildFile; fileRef = E53D88DD28A3430600EF83AC /* ListManagerTests.swift */; };
		E557D533288DD3BB00F93A87 /* AppDelegate.swift in Sources */ = {isa = PBXBuildFile; fileRef = E557D532288DD3BB00F93A87 /* AppDelegate.swift */; };
		E557D535288DD3BB00F93A87 /* SceneDelegate.swift in Sources */ = {isa = PBXBuildFile; fileRef = E557D534288DD3BB00F93A87 /* SceneDelegate.swift */; };
		E557D53C288DD3BF00F93A87 /* Assets.xcassets in Resources */ = {isa = PBXBuildFile; fileRef = E557D53B288DD3BF00F93A87 /* Assets.xcassets */; };
		E557D53F288DD3BF00F93A87 /* LaunchScreen.storyboard in Resources */ = {isa = PBXBuildFile; fileRef = E557D53D288DD3BF00F93A87 /* LaunchScreen.storyboard */; };
		E557D54B288DD74900F93A87 /* TodoItemModel.swift in Sources */ = {isa = PBXBuildFile; fileRef = E557D54A288DD74900F93A87 /* TodoItemModel.swift */; };
		E557D54F288DDA3D00F93A87 /* TodoModel.xcdatamodeld in Sources */ = {isa = PBXBuildFile; fileRef = E557D54D288DDA3D00F93A87 /* TodoModel.xcdatamodeld */; };
		E557D551288DDB6700F93A87 /* CoreDataManager.swift in Sources */ = {isa = PBXBuildFile; fileRef = E557D550288DDB6700F93A87 /* CoreDataManager.swift */; };
		E557D554288DDC1200F93A87 /* ListManager.swift in Sources */ = {isa = PBXBuildFile; fileRef = E557D553288DDC1200F93A87 /* ListManager.swift */; };
		E557D557288DE19D00F93A87 /* ListViewController.swift in Sources */ = {isa = PBXBuildFile; fileRef = E557D556288DE19D00F93A87 /* ListViewController.swift */; };
		E557D55A288DE63500F93A87 /* BaseView.swift in Sources */ = {isa = PBXBuildFile; fileRef = E557D559288DE63500F93A87 /* BaseView.swift */; };
		E557D55C288DE68500F93A87 /* CustomView.swift in Sources */ = {isa = PBXBuildFile; fileRef = E557D55B288DE68500F93A87 /* CustomView.swift */; };
		E557D55E288DE71400F93A87 /* Images.swift in Sources */ = {isa = PBXBuildFile; fileRef = E557D55D288DE71400F93A87 /* Images.swift */; };
		E557D561288DE8A700F93A87 /* ListView.swift in Sources */ = {isa = PBXBuildFile; fileRef = E557D560288DE8A700F93A87 /* ListView.swift */; };
		E557D563288E0C1400F93A87 /* AddNewTodoView.swift in Sources */ = {isa = PBXBuildFile; fileRef = E557D562288E0C1400F93A87 /* AddNewTodoView.swift */; };
		E557D565288E15FD00F93A87 /* AddNewTodoViewController.swift in Sources */ = {isa = PBXBuildFile; fileRef = E557D564288E15FD00F93A87 /* AddNewTodoViewController.swift */; };
		E557D568288E26F700F93A87 /* MainCoordinator.swift in Sources */ = {isa = PBXBuildFile; fileRef = E557D567288E26F700F93A87 /* MainCoordinator.swift */; };
		E557D56A288E272200F93A87 /* Coordinator.swift in Sources */ = {isa = PBXBuildFile; fileRef = E557D569288E272200F93A87 /* Coordinator.swift */; };
		E5B5BEDF2892234E0018A3F0 /* EditTodoViewController.swift in Sources */ = {isa = PBXBuildFile; fileRef = E5B5BEDE2892234E0018A3F0 /* EditTodoViewController.swift */; };
		E5B5BEE1289224560018A3F0 /* EditTodoView.swift in Sources */ = {isa = PBXBuildFile; fileRef = E5B5BEE0289224560018A3F0 /* EditTodoView.swift */; };
		E5E5A75528973F8200A8491A /* ListManagerSpy.swift in Sources */ = {isa = PBXBuildFile; fileRef = E5E5A75428973F8200A8491A /* ListManagerSpy.swift */; };
		E5E5A75D289743C200A8491A /* ListViewControllerTests.swift in Sources */ = {isa = PBXBuildFile; fileRef = E5E5A75C289743C200A8491A /* ListViewControllerTests.swift */; };
		E5E5A75F289743DB00A8491A /* ListViewSpy.swift in Sources */ = {isa = PBXBuildFile; fileRef = E5E5A75E289743DB00A8491A /* ListViewSpy.swift */; };
		E5E5A763289750A000A8491A /* AddNewTodoViewControllerTests.swift in Sources */ = {isa = PBXBuildFile; fileRef = E5E5A762289750A000A8491A /* AddNewTodoViewControllerTests.swift */; };
		E5E5A765289750BA00A8491A /* AddNewTodoViewSpy.swift in Sources */ = {isa = PBXBuildFile; fileRef = E5E5A764289750BA00A8491A /* AddNewTodoViewSpy.swift */; };
		E5E5A7682897588F00A8491A /* EditTodoViewControllerTests.swift in Sources */ = {isa = PBXBuildFile; fileRef = E5E5A7672897588F00A8491A /* EditTodoViewControllerTests.swift */; };
		E5E5A76A289758FE00A8491A /* EditTodoViewSpy.swift in Sources */ = {isa = PBXBuildFile; fileRef = E5E5A769289758FE00A8491A /* EditTodoViewSpy.swift */; };
/* End PBXBuildFile section */

/* Begin PBXContainerItemProxy section */
		E5E5A75628973F8200A8491A /* PBXContainerItemProxy */ = {
			isa = PBXContainerItemProxy;
			containerPortal = E557D527288DD3BB00F93A87 /* Project object */;
			proxyType = 1;
			remoteGlobalIDString = E557D52E288DD3BB00F93A87;
			remoteInfo = TodoListApp;
		};
/* End PBXContainerItemProxy section */

/* Begin PBXFileReference section */
		E53D88D1289C620000EF83AC /* EditTodoViewControllerDelegateSpy.swift */ = {isa = PBXFileReference; lastKnownFileType = sourcecode.swift; path = EditTodoViewControllerDelegateSpy.swift; sourceTree = "<group>"; };
		E53D88D328A2D0B600EF83AC /* AddNewTodoViewControllerDelegateSpy.swift */ = {isa = PBXFileReference; lastKnownFileType = sourcecode.swift; path = AddNewTodoViewControllerDelegateSpy.swift; sourceTree = "<group>"; };
		E53D88D528A2D99D00EF83AC /* ListViewControllerDelegateSpy.swift */ = {isa = PBXFileReference; lastKnownFileType = sourcecode.swift; path = ListViewControllerDelegateSpy.swift; sourceTree = "<group>"; };
		E53D88DB28A3422500EF83AC /* CoreDataManagerSpy.swift */ = {isa = PBXFileReference; lastKnownFileType = sourcecode.swift; path = CoreDataManagerSpy.swift; sourceTree = "<group>"; };
		E53D88DD28A3430600EF83AC /* ListManagerTests.swift */ = {isa = PBXFileReference; lastKnownFileType = sourcecode.swift; path = ListManagerTests.swift; sourceTree = "<group>"; };
		E557D52F288DD3BB00F93A87 /* TodoListApp.app */ = {isa = PBXFileReference; explicitFileType = wrapper.application; includeInIndex = 0; path = TodoListApp.app; sourceTree = BUILT_PRODUCTS_DIR; };
		E557D532288DD3BB00F93A87 /* AppDelegate.swift */ = {isa = PBXFileReference; lastKnownFileType = sourcecode.swift; path = AppDelegate.swift; sourceTree = "<group>"; };
		E557D534288DD3BB00F93A87 /* SceneDelegate.swift */ = {isa = PBXFileReference; lastKnownFileType = sourcecode.swift; path = SceneDelegate.swift; sourceTree = "<group>"; };
		E557D53B288DD3BF00F93A87 /* Assets.xcassets */ = {isa = PBXFileReference; lastKnownFileType = folder.assetcatalog; path = Assets.xcassets; sourceTree = "<group>"; };
		E557D53E288DD3BF00F93A87 /* Base */ = {isa = PBXFileReference; lastKnownFileType = file.storyboard; name = Base; path = Base.lproj/LaunchScreen.storyboard; sourceTree = "<group>"; };
		E557D540288DD3BF00F93A87 /* Info.plist */ = {isa = PBXFileReference; lastKnownFileType = text.plist.xml; path = Info.plist; sourceTree = "<group>"; };
		E557D54A288DD74900F93A87 /* TodoItemModel.swift */ = {isa = PBXFileReference; lastKnownFileType = sourcecode.swift; path = TodoItemModel.swift; sourceTree = "<group>"; };
		E557D54E288DDA3D00F93A87 /* TodoModel.xcdatamodel */ = {isa = PBXFileReference; lastKnownFileType = wrapper.xcdatamodel; path = TodoModel.xcdatamodel; sourceTree = "<group>"; };
		E557D550288DDB6700F93A87 /* CoreDataManager.swift */ = {isa = PBXFileReference; lastKnownFileType = sourcecode.swift; path = CoreDataManager.swift; sourceTree = "<group>"; };
		E557D553288DDC1200F93A87 /* ListManager.swift */ = {isa = PBXFileReference; lastKnownFileType = sourcecode.swift; path = ListManager.swift; sourceTree = "<group>"; };
		E557D556288DE19D00F93A87 /* ListViewController.swift */ = {isa = PBXFileReference; lastKnownFileType = sourcecode.swift; path = ListViewController.swift; sourceTree = "<group>"; };
		E557D559288DE63500F93A87 /* BaseView.swift */ = {isa = PBXFileReference; lastKnownFileType = sourcecode.swift; path = BaseView.swift; sourceTree = "<group>"; };
		E557D55B288DE68500F93A87 /* CustomView.swift */ = {isa = PBXFileReference; lastKnownFileType = sourcecode.swift; path = CustomView.swift; sourceTree = "<group>"; };
		E557D55D288DE71400F93A87 /* Images.swift */ = {isa = PBXFileReference; lastKnownFileType = sourcecode.swift; path = Images.swift; sourceTree = "<group>"; };
		E557D560288DE8A700F93A87 /* ListView.swift */ = {isa = PBXFileReference; lastKnownFileType = sourcecode.swift; path = ListView.swift; sourceTree = "<group>"; };
		E557D562288E0C1400F93A87 /* AddNewTodoView.swift */ = {isa = PBXFileReference; lastKnownFileType = sourcecode.swift; path = AddNewTodoView.swift; sourceTree = "<group>"; };
		E557D564288E15FD00F93A87 /* AddNewTodoViewController.swift */ = {isa = PBXFileReference; lastKnownFileType = sourcecode.swift; path = AddNewTodoViewController.swift; sourceTree = "<group>"; };
		E557D567288E26F700F93A87 /* MainCoordinator.swift */ = {isa = PBXFileReference; lastKnownFileType = sourcecode.swift; path = MainCoordinator.swift; sourceTree = "<group>"; };
		E557D569288E272200F93A87 /* Coordinator.swift */ = {isa = PBXFileReference; lastKnownFileType = sourcecode.swift; path = Coordinator.swift; sourceTree = "<group>"; };
		E5B5BEDE2892234E0018A3F0 /* EditTodoViewController.swift */ = {isa = PBXFileReference; lastKnownFileType = sourcecode.swift; path = EditTodoViewController.swift; sourceTree = "<group>"; };
		E5B5BEE0289224560018A3F0 /* EditTodoView.swift */ = {isa = PBXFileReference; lastKnownFileType = sourcecode.swift; path = EditTodoView.swift; sourceTree = "<group>"; };
		E5E5A75228973F8200A8491A /* TodoListAppTests.xctest */ = {isa = PBXFileReference; explicitFileType = wrapper.cfbundle; includeInIndex = 0; path = TodoListAppTests.xctest; sourceTree = BUILT_PRODUCTS_DIR; };
		E5E5A75428973F8200A8491A /* ListManagerSpy.swift */ = {isa = PBXFileReference; lastKnownFileType = sourcecode.swift; path = ListManagerSpy.swift; sourceTree = "<group>"; };
		E5E5A75C289743C200A8491A /* ListViewControllerTests.swift */ = {isa = PBXFileReference; lastKnownFileType = sourcecode.swift; path = ListViewControllerTests.swift; sourceTree = "<group>"; };
		E5E5A75E289743DB00A8491A /* ListViewSpy.swift */ = {isa = PBXFileReference; lastKnownFileType = sourcecode.swift; path = ListViewSpy.swift; sourceTree = "<group>"; };
		E5E5A762289750A000A8491A /* AddNewTodoViewControllerTests.swift */ = {isa = PBXFileReference; lastKnownFileType = sourcecode.swift; path = AddNewTodoViewControllerTests.swift; sourceTree = "<group>"; };
		E5E5A764289750BA00A8491A /* AddNewTodoViewSpy.swift */ = {isa = PBXFileReference; lastKnownFileType = sourcecode.swift; path = AddNewTodoViewSpy.swift; sourceTree = "<group>"; };
		E5E5A7672897588F00A8491A /* EditTodoViewControllerTests.swift */ = {isa = PBXFileReference; lastKnownFileType = sourcecode.swift; path = EditTodoViewControllerTests.swift; sourceTree = "<group>"; };
		E5E5A769289758FE00A8491A /* EditTodoViewSpy.swift */ = {isa = PBXFileReference; lastKnownFileType = sourcecode.swift; path = EditTodoViewSpy.swift; sourceTree = "<group>"; };
/* End PBXFileReference section */

/* Begin PBXFrameworksBuildPhase section */
		E557D52C288DD3BB00F93A87 /* Frameworks */ = {
			isa = PBXFrameworksBuildPhase;
			buildActionMask = 2147483647;
			files = (
			);
			runOnlyForDeploymentPostprocessing = 0;
		};
		E5E5A74F28973F8200A8491A /* Frameworks */ = {
			isa = PBXFrameworksBuildPhase;
			buildActionMask = 2147483647;
			files = (
			);
			runOnlyForDeploymentPostprocessing = 0;
		};
/* End PBXFrameworksBuildPhase section */

/* Begin PBXGroup section */
		E53D88DA28A341AD00EF83AC /* Manager */ = {
			isa = PBXGroup;
			children = (
				E53D88DB28A3422500EF83AC /* CoreDataManagerSpy.swift */,
				E53D88DD28A3430600EF83AC /* ListManagerTests.swift */,
			);
			path = Manager;
			sourceTree = "<group>";
		};
		E557D526288DD3BB00F93A87 = {
			isa = PBXGroup;
			children = (
				E557D531288DD3BB00F93A87 /* TodoListApp */,
				E5E5A75328973F8200A8491A /* TodoListAppTests */,
				E557D530288DD3BB00F93A87 /* Products */,
			);
			sourceTree = "<group>";
		};
		E557D530288DD3BB00F93A87 /* Products */ = {
			isa = PBXGroup;
			children = (
				E557D52F288DD3BB00F93A87 /* TodoListApp.app */,
				E5E5A75228973F8200A8491A /* TodoListAppTests.xctest */,
			);
			name = Products;
			sourceTree = "<group>";
		};
		E557D531288DD3BB00F93A87 /* TodoListApp */ = {
			isa = PBXGroup;
			children = (
				E557D566288E26E000F93A87 /* Coordinator */,
				E557D55F288DE88D00F93A87 /* Views */,
				E557D558288DE5E100F93A87 /* Commons */,
				E557D552288DDBFC00F93A87 /* Manager */,
				E557D54C288DDA0F00F93A87 /* CoreData */,
				E557D546288DD54700F93A87 /* Models */,
				E557D549288DD57600F93A87 /* Delegates */,
				E557D547288DD54E00F93A87 /* Controllers */,
				E557D548288DD56400F93A87 /* Resources */,
				E557D540288DD3BF00F93A87 /* Info.plist */,
			);
			path = TodoListApp;
			sourceTree = "<group>";
		};
		E557D546288DD54700F93A87 /* Models */ = {
			isa = PBXGroup;
			children = (
				E557D54A288DD74900F93A87 /* TodoItemModel.swift */,
			);
			path = Models;
			sourceTree = "<group>";
		};
		E557D547288DD54E00F93A87 /* Controllers */ = {
			isa = PBXGroup;
			children = (
				E557D556288DE19D00F93A87 /* ListViewController.swift */,
				E557D564288E15FD00F93A87 /* AddNewTodoViewController.swift */,
				E5B5BEDE2892234E0018A3F0 /* EditTodoViewController.swift */,
			);
			path = Controllers;
			sourceTree = "<group>";
		};
		E557D548288DD56400F93A87 /* Resources */ = {
			isa = PBXGroup;
			children = (
				E557D53B288DD3BF00F93A87 /* Assets.xcassets */,
				E557D53D288DD3BF00F93A87 /* LaunchScreen.storyboard */,
			);
			path = Resources;
			sourceTree = "<group>";
		};
		E557D549288DD57600F93A87 /* Delegates */ = {
			isa = PBXGroup;
			children = (
				E557D532288DD3BB00F93A87 /* AppDelegate.swift */,
				E557D534288DD3BB00F93A87 /* SceneDelegate.swift */,
			);
			path = Delegates;
			sourceTree = "<group>";
		};
		E557D54C288DDA0F00F93A87 /* CoreData */ = {
			isa = PBXGroup;
			children = (
				E557D54D288DDA3D00F93A87 /* TodoModel.xcdatamodeld */,
				E557D550288DDB6700F93A87 /* CoreDataManager.swift */,
			);
			path = CoreData;
			sourceTree = "<group>";
		};
		E557D552288DDBFC00F93A87 /* Manager */ = {
			isa = PBXGroup;
			children = (
				E557D553288DDC1200F93A87 /* ListManager.swift */,
			);
			path = Manager;
			sourceTree = "<group>";
		};
		E557D558288DE5E100F93A87 /* Commons */ = {
			isa = PBXGroup;
			children = (
				E557D559288DE63500F93A87 /* BaseView.swift */,
				E557D55B288DE68500F93A87 /* CustomView.swift */,
				E557D55D288DE71400F93A87 /* Images.swift */,
			);
			path = Commons;
			sourceTree = "<group>";
		};
		E557D55F288DE88D00F93A87 /* Views */ = {
			isa = PBXGroup;
			children = (
				E557D560288DE8A700F93A87 /* ListView.swift */,
				E557D562288E0C1400F93A87 /* AddNewTodoView.swift */,
				E5B5BEE0289224560018A3F0 /* EditTodoView.swift */,
			);
			path = Views;
			sourceTree = "<group>";
		};
		E557D566288E26E000F93A87 /* Coordinator */ = {
			isa = PBXGroup;
			children = (
				E557D567288E26F700F93A87 /* MainCoordinator.swift */,
				E557D569288E272200F93A87 /* Coordinator.swift */,
			);
			path = Coordinator;
			sourceTree = "<group>";
		};
		E5E5A75328973F8200A8491A /* TodoListAppTests */ = {
			isa = PBXGroup;
			children = (
				E53D88DA28A341AD00EF83AC /* Manager */,
				E5E5A7662897585D00A8491A /* EditTodoViewController */,
				E5E5A76028974F5900A8491A /* AddNewTodoViewController */,
				E5E5A75B289740DD00A8491A /* ListViewController */,
			);
			path = TodoListAppTests;
			sourceTree = "<group>";
		};
		E5E5A75B289740DD00A8491A /* ListViewController */ = {
			isa = PBXGroup;
			children = (
				E5E5A75428973F8200A8491A /* ListManagerSpy.swift */,
				E5E5A75C289743C200A8491A /* ListViewControllerTests.swift */,
				E5E5A75E289743DB00A8491A /* ListViewSpy.swift */,
				E53D88D528A2D99D00EF83AC /* ListViewControllerDelegateSpy.swift */,
			);
			path = ListViewController;
			sourceTree = "<group>";
		};
		E5E5A76028974F5900A8491A /* AddNewTodoViewController */ = {
			isa = PBXGroup;
			children = (
				E5E5A762289750A000A8491A /* AddNewTodoViewControllerTests.swift */,
				E5E5A764289750BA00A8491A /* AddNewTodoViewSpy.swift */,
				E53D88D328A2D0B600EF83AC /* AddNewTodoViewControllerDelegateSpy.swift */,
			);
			path = AddNewTodoViewController;
			sourceTree = "<group>";
		};
		E5E5A7662897585D00A8491A /* EditTodoViewController */ = {
			isa = PBXGroup;
			children = (
				E5E5A7672897588F00A8491A /* EditTodoViewControllerTests.swift */,
				E5E5A769289758FE00A8491A /* EditTodoViewSpy.swift */,
				E53D88D1289C620000EF83AC /* EditTodoViewControllerDelegateSpy.swift */,
			);
			path = EditTodoViewController;
			sourceTree = "<group>";
		};
/* End PBXGroup section */

/* Begin PBXNativeTarget section */
		E557D52E288DD3BB00F93A87 /* TodoListApp */ = {
			isa = PBXNativeTarget;
			buildConfigurationList = E557D543288DD3BF00F93A87 /* Build configuration list for PBXNativeTarget "TodoListApp" */;
			buildPhases = (
				E557D52B288DD3BB00F93A87 /* Sources */,
				E557D52C288DD3BB00F93A87 /* Frameworks */,
				E557D52D288DD3BB00F93A87 /* Resources */,
			);
			buildRules = (
			);
			dependencies = (
			);
			name = TodoListApp;
			productName = TodoListApp;
			productReference = E557D52F288DD3BB00F93A87 /* TodoListApp.app */;
			productType = "com.apple.product-type.application";
		};
		E5E5A75128973F8200A8491A /* TodoListAppTests */ = {
			isa = PBXNativeTarget;
			buildConfigurationList = E5E5A75A28973F8200A8491A /* Build configuration list for PBXNativeTarget "TodoListAppTests" */;
			buildPhases = (
				E5E5A74E28973F8200A8491A /* Sources */,
				E5E5A74F28973F8200A8491A /* Frameworks */,
				E5E5A75028973F8200A8491A /* Resources */,
			);
			buildRules = (
			);
			dependencies = (
				E5E5A75728973F8200A8491A /* PBXTargetDependency */,
			);
			name = TodoListAppTests;
			productName = TodoListAppTests;
			productReference = E5E5A75228973F8200A8491A /* TodoListAppTests.xctest */;
			productType = "com.apple.product-type.bundle.unit-test";
		};
/* End PBXNativeTarget section */

/* Begin PBXProject section */
		E557D527288DD3BB00F93A87 /* Project object */ = {
			isa = PBXProject;
			attributes = {
				BuildIndependentTargetsInParallel = 1;
				LastSwiftUpdateCheck = 1340;
				LastUpgradeCheck = 1340;
				TargetAttributes = {
					E557D52E288DD3BB00F93A87 = {
						CreatedOnToolsVersion = 13.4.1;
					};
					E5E5A75128973F8200A8491A = {
						CreatedOnToolsVersion = 13.4.1;
						TestTargetID = E557D52E288DD3BB00F93A87;
					};
				};
			};
			buildConfigurationList = E557D52A288DD3BB00F93A87 /* Build configuration list for PBXProject "TodoListApp" */;
			compatibilityVersion = "Xcode 13.0";
			developmentRegion = en;
			hasScannedForEncodings = 0;
			knownRegions = (
				en,
				Base,
			);
			mainGroup = E557D526288DD3BB00F93A87;
			productRefGroup = E557D530288DD3BB00F93A87 /* Products */;
			projectDirPath = "";
			projectRoot = "";
			targets = (
				E557D52E288DD3BB00F93A87 /* TodoListApp */,
				E5E5A75128973F8200A8491A /* TodoListAppTests */,
			);
		};
/* End PBXProject section */

/* Begin PBXResourcesBuildPhase section */
		E557D52D288DD3BB00F93A87 /* Resources */ = {
			isa = PBXResourcesBuildPhase;
			buildActionMask = 2147483647;
			files = (
				E557D53F288DD3BF00F93A87 /* LaunchScreen.storyboard in Resources */,
				E557D53C288DD3BF00F93A87 /* Assets.xcassets in Resources */,
			);
			runOnlyForDeploymentPostprocessing = 0;
		};
		E5E5A75028973F8200A8491A /* Resources */ = {
			isa = PBXResourcesBuildPhase;
			buildActionMask = 2147483647;
			files = (
			);
			runOnlyForDeploymentPostprocessing = 0;
		};
/* End PBXResourcesBuildPhase section */

/* Begin PBXSourcesBuildPhase section */
		E557D52B288DD3BB00F93A87 /* Sources */ = {
			isa = PBXSourcesBuildPhase;
			buildActionMask = 2147483647;
			files = (
				E557D551288DDB6700F93A87 /* CoreDataManager.swift in Sources */,
				E557D568288E26F700F93A87 /* MainCoordinator.swift in Sources */,
				E5B5BEDF2892234E0018A3F0 /* EditTodoViewController.swift in Sources */,
				E557D56A288E272200F93A87 /* Coordinator.swift in Sources */,
				E557D54F288DDA3D00F93A87 /* TodoModel.xcdatamodeld in Sources */,
				E557D54B288DD74900F93A87 /* TodoItemModel.swift in Sources */,
				E557D55C288DE68500F93A87 /* CustomView.swift in Sources */,
				E557D554288DDC1200F93A87 /* ListManager.swift in Sources */,
				E557D533288DD3BB00F93A87 /* AppDelegate.swift in Sources */,
				E557D557288DE19D00F93A87 /* ListViewController.swift in Sources */,
				E5B5BEE1289224560018A3F0 /* EditTodoView.swift in Sources */,
				E557D563288E0C1400F93A87 /* AddNewTodoView.swift in Sources */,
				E557D565288E15FD00F93A87 /* AddNewTodoViewController.swift in Sources */,
				E557D55E288DE71400F93A87 /* Images.swift in Sources */,
				E557D561288DE8A700F93A87 /* ListView.swift in Sources */,
				E557D535288DD3BB00F93A87 /* SceneDelegate.swift in Sources */,
				E557D55A288DE63500F93A87 /* BaseView.swift in Sources */,
			);
			runOnlyForDeploymentPostprocessing = 0;
		};
		E5E5A74E28973F8200A8491A /* Sources */ = {
			isa = PBXSourcesBuildPhase;
			buildActionMask = 2147483647;
			files = (
				E53D88D428A2D0B600EF83AC /* AddNewTodoViewControllerDelegateSpy.swift in Sources */,
				E5E5A7682897588F00A8491A /* EditTodoViewControllerTests.swift in Sources */,
				E5E5A75F289743DB00A8491A /* ListViewSpy.swift in Sources */,
				E5E5A76A289758FE00A8491A /* EditTodoViewSpy.swift in Sources */,
				E5E5A765289750BA00A8491A /* AddNewTodoViewSpy.swift in Sources */,
				E53D88D2289C620000EF83AC /* EditTodoViewControllerDelegateSpy.swift in Sources */,
				E53D88D628A2D99D00EF83AC /* ListViewControllerDelegateSpy.swift in Sources */,
				E5E5A763289750A000A8491A /* AddNewTodoViewControllerTests.swift in Sources */,
				E5E5A75D289743C200A8491A /* ListViewControllerTests.swift in Sources */,
				E53D88DC28A3422500EF83AC /* CoreDataManagerSpy.swift in Sources */,
				E5E5A75528973F8200A8491A /* ListManagerSpy.swift in Sources */,
				E53D88DE28A3430600EF83AC /* ListManagerTests.swift in Sources */,
			);
			runOnlyForDeploymentPostprocessing = 0;
		};
/* End PBXSourcesBuildPhase section */

/* Begin PBXTargetDependency section */
		E5E5A75728973F8200A8491A /* PBXTargetDependency */ = {
			isa = PBXTargetDependency;
			target = E557D52E288DD3BB00F93A87 /* TodoListApp */;
			targetProxy = E5E5A75628973F8200A8491A /* PBXContainerItemProxy */;
		};
/* End PBXTargetDependency section */

/* Begin PBXVariantGroup section */
		E557D53D288DD3BF00F93A87 /* LaunchScreen.storyboard */ = {
			isa = PBXVariantGroup;
			children = (
				E557D53E288DD3BF00F93A87 /* Base */,
			);
			name = LaunchScreen.storyboard;
			sourceTree = "<group>";
		};
/* End PBXVariantGroup section */

/* Begin XCBuildConfiguration section */
		E557D541288DD3BF00F93A87 /* Debug */ = {
			isa = XCBuildConfiguration;
			buildSettings = {
				ALWAYS_SEARCH_USER_PATHS = NO;
				CLANG_ANALYZER_NONNULL = YES;
				CLANG_ANALYZER_NUMBER_OBJECT_CONVERSION = YES_AGGRESSIVE;
				CLANG_CXX_LANGUAGE_STANDARD = "gnu++17";
				CLANG_ENABLE_MODULES = YES;
				CLANG_ENABLE_OBJC_ARC = YES;
				CLANG_ENABLE_OBJC_WEAK = YES;
				CLANG_WARN_BLOCK_CAPTURE_AUTORELEASING = YES;
				CLANG_WARN_BOOL_CONVERSION = YES;
				CLANG_WARN_COMMA = YES;
				CLANG_WARN_CONSTANT_CONVERSION = YES;
				CLANG_WARN_DEPRECATED_OBJC_IMPLEMENTATIONS = YES;
				CLANG_WARN_DIRECT_OBJC_ISA_USAGE = YES_ERROR;
				CLANG_WARN_DOCUMENTATION_COMMENTS = YES;
				CLANG_WARN_EMPTY_BODY = YES;
				CLANG_WARN_ENUM_CONVERSION = YES;
				CLANG_WARN_INFINITE_RECURSION = YES;
				CLANG_WARN_INT_CONVERSION = YES;
				CLANG_WARN_NON_LITERAL_NULL_CONVERSION = YES;
				CLANG_WARN_OBJC_IMPLICIT_RETAIN_SELF = YES;
				CLANG_WARN_OBJC_LITERAL_CONVERSION = YES;
				CLANG_WARN_OBJC_ROOT_CLASS = YES_ERROR;
				CLANG_WARN_QUOTED_INCLUDE_IN_FRAMEWORK_HEADER = YES;
				CLANG_WARN_RANGE_LOOP_ANALYSIS = YES;
				CLANG_WARN_STRICT_PROTOTYPES = YES;
				CLANG_WARN_SUSPICIOUS_MOVE = YES;
				CLANG_WARN_UNGUARDED_AVAILABILITY = YES_AGGRESSIVE;
				CLANG_WARN_UNREACHABLE_CODE = YES;
				CLANG_WARN__DUPLICATE_METHOD_MATCH = YES;
				COPY_PHASE_STRIP = NO;
				DEBUG_INFORMATION_FORMAT = dwarf;
				ENABLE_STRICT_OBJC_MSGSEND = YES;
				ENABLE_TESTABILITY = YES;
				GCC_C_LANGUAGE_STANDARD = gnu11;
				GCC_DYNAMIC_NO_PIC = NO;
				GCC_NO_COMMON_BLOCKS = YES;
				GCC_OPTIMIZATION_LEVEL = 0;
				GCC_PREPROCESSOR_DEFINITIONS = (
					"DEBUG=1",
					"$(inherited)",
				);
				GCC_WARN_64_TO_32_BIT_CONVERSION = YES;
				GCC_WARN_ABOUT_RETURN_TYPE = YES_ERROR;
				GCC_WARN_UNDECLARED_SELECTOR = YES;
				GCC_WARN_UNINITIALIZED_AUTOS = YES_AGGRESSIVE;
				GCC_WARN_UNUSED_FUNCTION = YES;
				GCC_WARN_UNUSED_VARIABLE = YES;
				IPHONEOS_DEPLOYMENT_TARGET = 15.5;
				MTL_ENABLE_DEBUG_INFO = INCLUDE_SOURCE;
				MTL_FAST_MATH = YES;
				ONLY_ACTIVE_ARCH = YES;
				SDKROOT = iphoneos;
				SWIFT_ACTIVE_COMPILATION_CONDITIONS = DEBUG;
				SWIFT_OPTIMIZATION_LEVEL = "-Onone";
			};
			name = Debug;
		};
		E557D542288DD3BF00F93A87 /* Release */ = {
			isa = XCBuildConfiguration;
			buildSettings = {
				ALWAYS_SEARCH_USER_PATHS = NO;
				CLANG_ANALYZER_NONNULL = YES;
				CLANG_ANALYZER_NUMBER_OBJECT_CONVERSION = YES_AGGRESSIVE;
				CLANG_CXX_LANGUAGE_STANDARD = "gnu++17";
				CLANG_ENABLE_MODULES = YES;
				CLANG_ENABLE_OBJC_ARC = YES;
				CLANG_ENABLE_OBJC_WEAK = YES;
				CLANG_WARN_BLOCK_CAPTURE_AUTORELEASING = YES;
				CLANG_WARN_BOOL_CONVERSION = YES;
				CLANG_WARN_COMMA = YES;
				CLANG_WARN_CONSTANT_CONVERSION = YES;
				CLANG_WARN_DEPRECATED_OBJC_IMPLEMENTATIONS = YES;
				CLANG_WARN_DIRECT_OBJC_ISA_USAGE = YES_ERROR;
				CLANG_WARN_DOCUMENTATION_COMMENTS = YES;
				CLANG_WARN_EMPTY_BODY = YES;
				CLANG_WARN_ENUM_CONVERSION = YES;
				CLANG_WARN_INFINITE_RECURSION = YES;
				CLANG_WARN_INT_CONVERSION = YES;
				CLANG_WARN_NON_LITERAL_NULL_CONVERSION = YES;
				CLANG_WARN_OBJC_IMPLICIT_RETAIN_SELF = YES;
				CLANG_WARN_OBJC_LITERAL_CONVERSION = YES;
				CLANG_WARN_OBJC_ROOT_CLASS = YES_ERROR;
				CLANG_WARN_QUOTED_INCLUDE_IN_FRAMEWORK_HEADER = YES;
				CLANG_WARN_RANGE_LOOP_ANALYSIS = YES;
				CLANG_WARN_STRICT_PROTOTYPES = YES;
				CLANG_WARN_SUSPICIOUS_MOVE = YES;
				CLANG_WARN_UNGUARDED_AVAILABILITY = YES_AGGRESSIVE;
				CLANG_WARN_UNREACHABLE_CODE = YES;
				CLANG_WARN__DUPLICATE_METHOD_MATCH = YES;
				COPY_PHASE_STRIP = NO;
				DEBUG_INFORMATION_FORMAT = "dwarf-with-dsym";
				ENABLE_NS_ASSERTIONS = NO;
				ENABLE_STRICT_OBJC_MSGSEND = YES;
				GCC_C_LANGUAGE_STANDARD = gnu11;
				GCC_NO_COMMON_BLOCKS = YES;
				GCC_WARN_64_TO_32_BIT_CONVERSION = YES;
				GCC_WARN_ABOUT_RETURN_TYPE = YES_ERROR;
				GCC_WARN_UNDECLARED_SELECTOR = YES;
				GCC_WARN_UNINITIALIZED_AUTOS = YES_AGGRESSIVE;
				GCC_WARN_UNUSED_FUNCTION = YES;
				GCC_WARN_UNUSED_VARIABLE = YES;
				IPHONEOS_DEPLOYMENT_TARGET = 15.5;
				MTL_ENABLE_DEBUG_INFO = NO;
				MTL_FAST_MATH = YES;
				SDKROOT = iphoneos;
				SWIFT_COMPILATION_MODE = wholemodule;
				SWIFT_OPTIMIZATION_LEVEL = "-O";
				VALIDATE_PRODUCT = YES;
			};
			name = Release;
		};
		E557D544288DD3BF00F93A87 /* Debug */ = {
			isa = XCBuildConfiguration;
			buildSettings = {
				ASSETCATALOG_COMPILER_APPICON_NAME = AppIcon;
				ASSETCATALOG_COMPILER_GLOBAL_ACCENT_COLOR_NAME = AccentColor;
				CODE_SIGN_STYLE = Automatic;
				CURRENT_PROJECT_VERSION = 1;
				DEVELOPMENT_TEAM = W647QPZYZR;
				GENERATE_INFOPLIST_FILE = YES;
				INFOPLIST_FILE = TodoListApp/Info.plist;
				INFOPLIST_KEY_UIApplicationSupportsIndirectInputEvents = YES;
				INFOPLIST_KEY_UILaunchStoryboardName = LaunchScreen;
				INFOPLIST_KEY_UISupportedInterfaceOrientations_iPad = "UIInterfaceOrientationPortrait UIInterfaceOrientationPortraitUpsideDown UIInterfaceOrientationLandscapeLeft UIInterfaceOrientationLandscapeRight";
				INFOPLIST_KEY_UISupportedInterfaceOrientations_iPhone = "UIInterfaceOrientationPortrait UIInterfaceOrientationLandscapeLeft UIInterfaceOrientationLandscapeRight";
				LD_RUNPATH_SEARCH_PATHS = (
					"$(inherited)",
					"@executable_path/Frameworks",
				);
				MARKETING_VERSION = 1.0;
				PRODUCT_BUNDLE_IDENTIFIER = com.student.TodoListApp;
				PRODUCT_NAME = "$(TARGET_NAME)";
				SWIFT_EMIT_LOC_STRINGS = YES;
				SWIFT_VERSION = 5.0;
				TARGETED_DEVICE_FAMILY = "1,2";
			};
			name = Debug;
		};
		E557D545288DD3BF00F93A87 /* Release */ = {
			isa = XCBuildConfiguration;
			buildSettings = {
				ASSETCATALOG_COMPILER_APPICON_NAME = AppIcon;
				ASSETCATALOG_COMPILER_GLOBAL_ACCENT_COLOR_NAME = AccentColor;
				CODE_SIGN_STYLE = Automatic;
				CURRENT_PROJECT_VERSION = 1;
				DEVELOPMENT_TEAM = W647QPZYZR;
				GENERATE_INFOPLIST_FILE = YES;
				INFOPLIST_FILE = TodoListApp/Info.plist;
				INFOPLIST_KEY_UIApplicationSupportsIndirectInputEvents = YES;
				INFOPLIST_KEY_UILaunchStoryboardName = LaunchScreen;
				INFOPLIST_KEY_UISupportedInterfaceOrientations_iPad = "UIInterfaceOrientationPortrait UIInterfaceOrientationPortraitUpsideDown UIInterfaceOrientationLandscapeLeft UIInterfaceOrientationLandscapeRight";
				INFOPLIST_KEY_UISupportedInterfaceOrientations_iPhone = "UIInterfaceOrientationPortrait UIInterfaceOrientationLandscapeLeft UIInterfaceOrientationLandscapeRight";
				LD_RUNPATH_SEARCH_PATHS = (
					"$(inherited)",
					"@executable_path/Frameworks",
				);
				MARKETING_VERSION = 1.0;
				PRODUCT_BUNDLE_IDENTIFIER = com.student.TodoListApp;
				PRODUCT_NAME = "$(TARGET_NAME)";
				SWIFT_EMIT_LOC_STRINGS = YES;
				SWIFT_VERSION = 5.0;
				TARGETED_DEVICE_FAMILY = "1,2";
			};
			name = Release;
		};
		E5E5A75828973F8200A8491A /* Debug */ = {
			isa = XCBuildConfiguration;
			buildSettings = {
				BUNDLE_LOADER = "$(TEST_HOST)";
				CODE_SIGN_STYLE = Automatic;
				CURRENT_PROJECT_VERSION = 1;
				DEVELOPMENT_TEAM = W647QPZYZR;
				GENERATE_INFOPLIST_FILE = YES;
				MARKETING_VERSION = 1.0;
				PRODUCT_BUNDLE_IDENTIFIER = com.student.TodoListAppTests;
				PRODUCT_NAME = "$(TARGET_NAME)";
				SWIFT_EMIT_LOC_STRINGS = NO;
				SWIFT_VERSION = 5.0;
				TARGETED_DEVICE_FAMILY = "1,2";
				TEST_HOST = "$(BUILT_PRODUCTS_DIR)/TodoListApp.app/TodoListApp";
			};
			name = Debug;
		};
		E5E5A75928973F8200A8491A /* Release */ = {
			isa = XCBuildConfiguration;
			buildSettings = {
				BUNDLE_LOADER = "$(TEST_HOST)";
				CODE_SIGN_STYLE = Automatic;
				CURRENT_PROJECT_VERSION = 1;
				DEVELOPMENT_TEAM = W647QPZYZR;
				GENERATE_INFOPLIST_FILE = YES;
				MARKETING_VERSION = 1.0;
				PRODUCT_BUNDLE_IDENTIFIER = com.student.TodoListAppTests;
				PRODUCT_NAME = "$(TARGET_NAME)";
				SWIFT_EMIT_LOC_STRINGS = NO;
				SWIFT_VERSION = 5.0;
				TARGETED_DEVICE_FAMILY = "1,2";
				TEST_HOST = "$(BUILT_PRODUCTS_DIR)/TodoListApp.app/TodoListApp";
			};
			name = Release;
		};
/* End XCBuildConfiguration section */

/* Begin XCConfigurationList section */
		E557D52A288DD3BB00F93A87 /* Build configuration list for PBXProject "TodoListApp" */ = {
			isa = XCConfigurationList;
			buildConfigurations = (
				E557D541288DD3BF00F93A87 /* Debug */,
				E557D542288DD3BF00F93A87 /* Release */,
			);
			defaultConfigurationIsVisible = 0;
			defaultConfigurationName = Release;
		};
		E557D543288DD3BF00F93A87 /* Build configuration list for PBXNativeTarget "TodoListApp" */ = {
			isa = XCConfigurationList;
			buildConfigurations = (
				E557D544288DD3BF00F93A87 /* Debug */,
				E557D545288DD3BF00F93A87 /* Release */,
			);
			defaultConfigurationIsVisible = 0;
			defaultConfigurationName = Release;
		};
		E5E5A75A28973F8200A8491A /* Build configuration list for PBXNativeTarget "TodoListAppTests" */ = {
			isa = XCConfigurationList;
			buildConfigurations = (
				E5E5A75828973F8200A8491A /* Debug */,
				E5E5A75928973F8200A8491A /* Release */,
			);
			defaultConfigurationIsVisible = 0;
			defaultConfigurationName = Release;
		};
/* End XCConfigurationList section */

/* Begin XCVersionGroup section */
		E557D54D288DDA3D00F93A87 /* TodoModel.xcdatamodeld */ = {
			isa = XCVersionGroup;
			children = (
				E557D54E288DDA3D00F93A87 /* TodoModel.xcdatamodel */,
			);
			currentVersion = E557D54E288DDA3D00F93A87 /* TodoModel.xcdatamodel */;
			path = TodoModel.xcdatamodeld;
			sourceTree = "<group>";
			versionGroupType = wrapper.xcdatamodel;
		};
/* End XCVersionGroup section */
	};
	rootObject = E557D527288DD3BB00F93A87 /* Project object */;
}
